
Microsoft Visual Studio Solution File, Format Version 12.00
# Visual Studio Version 16
VisualStudioVersion = 16.0.31019.35
MinimumVisualStudioVersion = 10.0.40219.1
Project("{9A19103F-16F7-4668-BE54-9A1E7A4F7556}") = "MyProject", "ConsoleApp16\MyProject.csproj", "{C2424FF7-0956-489B-957F-02229F62A373}"
EndProject
Project("{FAE04EC0-301F-11D3-BF4B-00C04F79EFBC}") = "NUnitTestProject3", "NUnitTestProject3\NUnitTestProject3.csproj", "{C3A8CCBC-3667-4EB1-B434-01A636C65AB8}"
EndProject
Global
	GlobalSection(SolutionConfigurationPlatforms) = preSolution
		Debug|Any CPU = Debug|Any CPU
		Release|Any CPU = Release|Any CPU
	EndGlobalSection
	GlobalSection(ProjectConfigurationPlatforms) = postSolution
		{C2424FF7-0956-489B-957F-02229F62A373}.Debug|Any CPU.ActiveCfg = Debug|Any CPU
		{C2424FF7-0956-489B-957F-02229F62A373}.Debug|Any CPU.Build.0 = Debug|Any CPU
		{C2424FF7-0956-489B-957F-02229F62A373}.Release|Any CPU.ActiveCfg = Release|Any CPU
		{C2424FF7-0956-489B-957F-02229F62A373}.Release|Any CPU.Build.0 = Release|Any CPU
		{C3A8CCBC-3667-4EB1-B434-01A636C65AB8}.Debug|Any CPU.ActiveCfg = Debug|Any CPU
		{C3A8CCBC-3667-4EB1-B434-01A636C65AB8}.Debug|Any CPU.Build.0 = Debug|Any CPU
		{C3A8CCBC-3667-4EB1-B434-01A636C65AB8}.Release|Any CPU.ActiveCfg = Release|Any CPU
		{C3A8CCBC-3667-4EB1-B434-01A636C65AB8}.Release|Any CPU.Build.0 = Release|Any CPU
	EndGlobalSection
	GlobalSection(SolutionProperties) = preSolution
		HideSolutionNode = FALSE
	EndGlobalSection
	GlobalSection(ExtensibilityGlobals) = postSolution
		SolutionGuid = {6BBB26EC-2730-4711-91B1-F9069B980DB1}
	EndGlobalSection
EndGlobal
